// !$*UTF8*$!
{
	archiveVersion = 1;
	classes = {
	};
	objectVersion = 46;
	objects = {

/* Begin PBXBuildFile section */
		2FCBF8621C6BBE4A0018221D /* AppDelegate.swift in Sources */ = {isa = PBXBuildFile; fileRef = 2FCBF8611C6BBE4A0018221D /* AppDelegate.swift */; };
		2FCBF8641C6BBE4A0018221D /* ViewController.swift in Sources */ = {isa = PBXBuildFile; fileRef = 2FCBF8631C6BBE4A0018221D /* ViewController.swift */; };
		2FCBF8671C6BBE4A0018221D /* Main.storyboard in Resources */ = {isa = PBXBuildFile; fileRef = 2FCBF8651C6BBE4A0018221D /* Main.storyboard */; };
		2FCBF8691C6BBE4A0018221D /* Assets.xcassets in Resources */ = {isa = PBXBuildFile; fileRef = 2FCBF8681C6BBE4A0018221D /* Assets.xcassets */; };
		2FCBF86C1C6BBE4A0018221D /* LaunchScreen.storyboard in Resources */ = {isa = PBXBuildFile; fileRef = 2FCBF86A1C6BBE4A0018221D /* LaunchScreen.storyboard */; };
/* End PBXBuildFile section */

/* Begin PBXFileReference section */
		2FCBF85E1C6BBE4A0018221D /* UIColor.app */ = {isa = PBXFileReference; explicitFileType = wrapper.application; includeInIndex = 0; path = UIColor.app; sourceTree = BUILT_PRODUCTS_DIR; };
		2FCBF8611C6BBE4A0018221D /* AppDelegate.swift */ = {isa = PBXFileReference; lastKnownFileType = sourcecode.swift; path = AppDelegate.swift; sourceTree = "<group>"; };
		2FCBF8631C6BBE4A0018221D /* ViewController.swift */ = {isa = PBXFileReference; lastKnownFileType = sourcecode.swift; path = ViewController.swift; sourceTree = "<group>"; };
		2FCBF8661C6BBE4A0018221D /* Base */ = {isa = PBXFileReference; lastKnownFileType = file.storyboard; name = Base; path = Base.lproj/Main.storyboard; sourceTree = "<group>"; };
		2FCBF8681C6BBE4A0018221D /* Assets.xcassets */ = {isa = PBXFileReference; lastKnownFileType = folder.assetcatalog; path = Assets.xcassets; sourceTree = "<group>"; };
		2FCBF86B1C6BBE4A0018221D /* Base */ = {isa = PBXFileReference; lastKnownFileType = file.storyboard; name = Base; path = Base.lproj/LaunchScreen.storyboard; sourceTree = "<group>"; };
		2FCBF86D1C6BBE4A0018221D /* Info.plist */ = {isa = PBXFileReference; lastKnownFileType = text.plist.xml; path = Info.plist; sourceTree = "<group>"; };
/* End PBXFileReference section */

/* Begin PBXFrameworksBuildPhase section */
		2FCBF85B1C6BBE4A0018221D /* Frameworks */ = {
			isa = PBXFrameworksBuildPhase;
			buildActionMask = 2147483647;
			files = (
			);
			runOnlyForDeploymentPostprocessing = 0;
		};
/* End PBXFrameworksBuildPhase section */

/* Begin PBXGroup section */
		2FCBF8551C6BBE4A0018221D = {
			isa = PBXGroup;
			children = (
				2FCBF8601C6BBE4A0018221D /* UIColor */,
				2FCBF85F1C6BBE4A0018221D /* Products */,
			);
			sourceTree = "<group>";
		};
		2FCBF85F1C6BBE4A0018221D /* Products */ = {
			isa = PBXGroup;
			children = (
				2FCBF85E1C6BBE4A0018221D /* UIColor.app */,
			);
			name = Products;
			sourceTree = "<group>";
		};
		2FCBF8601C6BBE4A0018221D /* UIColor */ = {
			isa = PBXGroup;
			children = (
				2FCBF8611C6BBE4A0018221D /* AppDelegate.swift */,
				2FCBF8631C6BBE4A0018221D /* ViewController.swift */,
				2FCBF8651C6BBE4A0018221D /* Main.storyboard */,
				2FCBF8681C6BBE4A0018221D /* Assets.xcassets */,
				2FCBF86A1C6BBE4A0018221D /* LaunchScreen.storyboard */,
				2FCBF86D1C6BBE4A0018221D /* Info.plist */,
			);
			path = UIColor;
			sourceTree = "<group>";
		};
/* End PBXGroup section */

/* Begin PBXNativeTarget section */
		2FCBF85D1C6BBE4A0018221D /* UIColor */ = {
			isa = PBXNativeTarget;
			buildConfigurationList = 2FCBF8701C6BBE4A0018221D /* Build configuration list for PBXNativeTarget "UIColor" */;
			buildPhases = (
				2FCBF85A1C6BBE4A0018221D /* Sources */,
				2FCBF85B1C6BBE4A0018221D /* Frameworks */,
				2FCBF85C1C6BBE4A0018221D /* Resources */,
			);
			buildRules = (
			);
			dependencies = (
			);
			name = UIColor;
			productName = UIColor;
			productReference = 2FCBF85E1C6BBE4A0018221D /* UIColor.app */;
			productType = "com.apple.product-type.application";
		};
/* End PBXNativeTarget section */

/* Begin PBXProject section */
		2FCBF8561C6BBE4A0018221D /* Project object */ = {
			isa = PBXProject;
			attributes = {
				LastSwiftUpdateCheck = 0720;
				LastUpgradeCheck = 0720;
				ORGANIZATIONNAME = Mikel;
				TargetAttributes = {
					2FCBF85D1C6BBE4A0018221D = {
						CreatedOnToolsVersion = 7.2;
					};
				};
			};
			buildConfigurationList = 2FCBF8591C6BBE4A0018221D /* Build configuration list for PBXProject "UIColor" */;
			compatibilityVersion = "Xcode 3.2";
			developmentRegion = English;
			hasScannedForEncodings = 0;
			knownRegions = (
				en,
				Base,
			);
			mainGroup = 2FCBF8551C6BBE4A0018221D;
			productRefGroup = 2FCBF85F1C6BBE4A0018221D /* Products */;
			projectDirPath = "";
			projectRoot = "";
			targets = (
				2FCBF85D1C6BBE4A0018221D /* UIColor */,
			);
		};
/* End PBXProject section */

/* Begin PBXResourcesBuildPhase section */
		2FCBF85C1C6BBE4A0018221D /* Resources */ = {
			isa = PBXResourcesBuildPhase;
			buildActionMask = 2147483647;
			files = (
				2FCBF86C1C6BBE4A0018221D /* LaunchScreen.storyboard in Resources */,
				2FCBF8691C6BBE4A0018221D /* Assets.xcassets in Resources */,
				2FCBF8671C6BBE4A0018221D /* Main.storyboard in Resources */,
			);
			runOnlyForDeploymentPostprocessing = 0;
		};
/* End PBXResourcesBuildPhase section */

/* Begin PBXSourcesBuildPhase section */
		2FCBF85A1C6BBE4A0018221D /* Sources */ = {
			isa = PBXSourcesBuildPhase;
			buildActionMask = 2147483647;
			files = (
				2FCBF8641C6BBE4A0018221D /* ViewController.swift in Sources */,
				2FCBF8621C6BBE4A0018221D /* AppDelegate.swift in Sources */,
			);
			runOnlyForDeploymentPostprocessing = 0;
		};
/* End PBXSourcesBuildPhase section */

/* Begin PBXVariantGroup section */
		2FCBF8651C6BBE4A0018221D /* Main.storyboard */ = {
			isa = PBXVariantGroup;
			children = (
				2FCBF8661C6BBE4A0018221D /* Base */,
			);
			name = Main.storyboard;
			sourceTree = "<group>";
		};
		2FCBF86A1C6BBE4A0018221D /* LaunchScreen.storyboard */ = {
			isa = PBXVariantGroup;
			children = (
				2FCBF86B1C6BBE4A0018221D /* Base */,
			);
			name = LaunchScreen.storyboard;
			sourceTree = "<group>";
		};
/* End PBXVariantGroup section */

/* Begin XCBuildConfiguration section */
		2FCBF86E1C6BBE4A0018221D /* Debug */ = {
			isa = XCBuildConfiguration;
			buildSettings = {
				ALWAYS_SEARCH_USER_PATHS = NO;
				CLANG_CXX_LANGUAGE_STANDARD = "gnu++0x";
				CLANG_CXX_LIBRARY = "libc++";
				CLANG_ENABLE_MODULES = YES;
				CLANG_ENABLE_OBJC_ARC = YES;
				CLANG_WARN_BOOL_CONVERSION = YES;
				CLANG_WARN_CONSTANT_CONVERSION = YES;
				CLANG_WARN_DIRECT_OBJC_ISA_USAGE = YES_ERROR;
				CLANG_WARN_EMPTY_BODY = YES;
				CLANG_WARN_ENUM_CONVERSION = YES;
				CLANG_WARN_INT_CONVERSION = YES;
				CLANG_WARN_OBJC_ROOT_CLASS = YES_ERROR;
				CLANG_WARN_UNREACHABLE_CODE = YES;
				CLANG_WARN__DUPLICATE_METHOD_MATCH = YES;
				"CODE_SIGN_IDENTITY[sdk=iphoneos*]" = "iPhone Developer";
				COPY_PHASE_STRIP = NO;
				DEBUG_INFORMATION_FORMAT = dwarf;
				ENABLE_STRICT_OBJC_MSGSEND = YES;
				ENABLE_TESTABILITY = YES;
				GCC_C_LANGUAGE_STANDARD = gnu99;
				GCC_DYNAMIC_NO_PIC = NO;
				GCC_NO_COMMON_BLOCKS = YES;
				GCC_OPTIMIZATION_LEVEL = 0;
				GCC_PREPROCESSOR_DEFINITIONS = (
					"DEBUG=1",
					"$(inherited)",
				);
				GCC_WARN_64_TO_32_BIT_CONVERSION = YES;
				GCC_WARN_ABOUT_RETURN_TYPE = YES_ERROR;
				GCC_WARN_UNDECLARED_SELECTOR = YES;
				GCC_WARN_UNINITIALIZED_AUTOS = YES_AGGRESSIVE;
				GCC_WARN_UNUSED_FUNCTION = YES;
				GCC_WARN_UNUSED_VARIABLE = YES;
				IPHONEOS_DEPLOYMENT_TARGET = 9.2;
				MTL_ENABLE_DEBUG_INFO = YES;
				ONLY_ACTIVE_ARCH = YES;
				SDKROOT = iphoneos;
				SWIFT_OPTIMIZATION_LEVEL = "-Onone";
			};
			name = Debug;
		};
		2FCBF86F1C6BBE4A0018221D /* Release */ = {
			isa = XCBuildConfiguration;
			buildSettings = {
				ALWAYS_SEARCH_USER_PATHS = NO;
				CLANG_CXX_LANGUAGE_STANDARD = "gnu++0x";
				CLANG_CXX_LIBRARY = "libc++";
				CLANG_ENABLE_MODULES = YES;
				CLANG_ENABLE_OBJC_ARC = YES;
				CLANG_WARN_BOOL_CONVERSION = YES;
				CLANG_WARN_CONSTANT_CONVERSION = YES;
				CLANG_WARN_DIRECT_OBJC_ISA_USAGE = YES_ERROR;
				CLANG_WARN_EMPTY_BODY = YES;
				CLANG_WARN_ENUM_CONVERSION = YES;
				CLANG_WARN_INT_CONVERSION = YES;
				CLANG_WARN_OBJC_ROOT_CLASS = YES_ERROR;
				CLANG_WARN_UNREACHABLE_CODE = YES;
				CLANG_WARN__DUPLICATE_METHOD_MATCH = YES;
				"CODE_SIGN_IDENTITY[sdk=iphoneos*]" = "iPhone Developer";
				COPY_PHASE_STRIP = NO;
				DEBUG_INFORMATION_FORMAT = "dwarf-with-dsym";
				ENABLE_NS_ASSERTIONS = NO;
				ENABLE_STRICT_OBJC_MSGSEND = YES;
				GCC_C_LANGUAGE_STANDARD = gnu99;
				GCC_NO_COMMON_BLOCKS = YES;
				GCC_WARN_64_TO_32_BIT_CONVERSION = YES;
				GCC_WARN_ABOUT_RETURN_TYPE = YES_ERROR;
				GCC_WARN_UNDECLARED_SELECTOR = YES;
				GCC_WARN_UNINITIALIZED_AUTOS = YES_AGGRESSIVE;
				GCC_WARN_UNUSED_FUNCTION = YES;
				GCC_WARN_UNUSED_VARIABLE = YES;
				IPHONEOS_DEPLOYMENT_TARGET = 9.2;
				MTL_ENABLE_DEBUG_INFO = NO;
				SDKROOT = iphoneos;
				VALIDATE_PRODUCT = YES;
			};
			name = Release;
		};
		2FCBF8711C6BBE4A0018221D /* Debug */ = {
			isa = XCBuildConfiguration;
			buildSettings = {
				ASSETCATALOG_COMPILER_APPICON_NAME = AppIcon;
				INFOPLIST_FILE = UIColor/Info.plist;
				LD_RUNPATH_SEARCH_PATHS = "$(inherited) @executable_path/Frameworks";
				PRODUCT_BUNDLE_IDENTIFIER = com.mikel.UIColor;
				PRODUCT_NAME = "$(TARGET_NAME)";
			};
			name = Debug;
		};
		2FCBF8721C6BBE4A0018221D /* Release */ = {
			isa = XCBuildConfiguration;
			buildSettings = {
				ASSETCATALOG_COMPILER_APPICON_NAME = AppIcon;
				INFOPLIST_FILE = UIColor/Info.plist;
				LD_RUNPATH_SEARCH_PATHS = "$(inherited) @executable_path/Frameworks";
				PRODUCT_BUNDLE_IDENTIFIER = com.mikel.UIColor;
				PRODUCT_NAME = "$(TARGET_NAME)";
			};
			name = Release;
		};
/* End XCBuildConfiguration section */

/* Begin XCConfigurationList section */
		2FCBF8591C6BBE4A0018221D /* Build configuration list for PBXProject "UIColor" */ = {
			isa = XCConfigurationList;
			buildConfigurations = (
				2FCBF86E1C6BBE4A0018221D /* Debug */,
				2FCBF86F1C6BBE4A0018221D /* Release */,
			);
			defaultConfigurationIsVisible = 0;
			defaultConfigurationName = Release;
		};
		2FCBF8701C6BBE4A0018221D /* Build configuration list for PBXNativeTarget "UIColor" */ = {
			isa = XCConfigurationList;
			buildConfigurations = (
				2FCBF8711C6BBE4A0018221D /* Debug */,
				2FCBF8721C6BBE4A0018221D /* Release */,
			);
			defaultConfigurationIsVisible = 0;
		};
/* End XCConfigurationList section */
	};
	rootObject = 2FCBF8561C6BBE4A0018221D /* Project object */;
}
