// !$*UTF8*$!
{
	archiveVersion = 1;
	classes = {
	};
	objectVersion = 46;
	objects = {

/* Begin PBXBuildFile section */
		2FA9E32F1C6B899A0022CE0C /* AppDelegate.swift in Sources */ = {isa = PBXBuildFile; fileRef = 2FA9E32E1C6B899A0022CE0C /* AppDelegate.swift */; };
		2FA9E3311C6B899A0022CE0C /* ViewController.swift in Sources */ = {isa = PBXBuildFile; fileRef = 2FA9E3301C6B899A0022CE0C /* ViewController.swift */; };
		2FA9E3341C6B899A0022CE0C /* Main.storyboard in Resources */ = {isa = PBXBuildFile; fileRef = 2FA9E3321C6B899A0022CE0C /* Main.storyboard */; };
		2FA9E3361C6B899A0022CE0C /* Assets.xcassets in Resources */ = {isa = PBXBuildFile; fileRef = 2FA9E3351C6B899A0022CE0C /* Assets.xcassets */; };
		2FA9E3391C6B899A0022CE0C /* LaunchScreen.storyboard in Resources */ = {isa = PBXBuildFile; fileRef = 2FA9E3371C6B899A0022CE0C /* LaunchScreen.storyboard */; };
/* End PBXBuildFile section */

/* Begin PBXFileReference section */
		2FA9E32B1C6B899A0022CE0C /* Thank You Letter.app */ = {isa = PBXFileReference; explicitFileType = wrapper.application; includeInIndex = 0; path = "Thank You Letter.app"; sourceTree = BUILT_PRODUCTS_DIR; };
		2FA9E32E1C6B899A0022CE0C /* AppDelegate.swift */ = {isa = PBXFileReference; lastKnownFileType = sourcecode.swift; path = AppDelegate.swift; sourceTree = "<group>"; };
		2FA9E3301C6B899A0022CE0C /* ViewController.swift */ = {isa = PBXFileReference; lastKnownFileType = sourcecode.swift; path = ViewController.swift; sourceTree = "<group>"; };
		2FA9E3331C6B899A0022CE0C /* Base */ = {isa = PBXFileReference; lastKnownFileType = file.storyboard; name = Base; path = Base.lproj/Main.storyboard; sourceTree = "<group>"; };
		2FA9E3351C6B899A0022CE0C /* Assets.xcassets */ = {isa = PBXFileReference; lastKnownFileType = folder.assetcatalog; path = Assets.xcassets; sourceTree = "<group>"; };
		2FA9E3381C6B899A0022CE0C /* Base */ = {isa = PBXFileReference; lastKnownFileType = file.storyboard; name = Base; path = Base.lproj/LaunchScreen.storyboard; sourceTree = "<group>"; };
		2FA9E33A1C6B899A0022CE0C /* Info.plist */ = {isa = PBXFileReference; lastKnownFileType = text.plist.xml; path = Info.plist; sourceTree = "<group>"; };
/* End PBXFileReference section */

/* Begin PBXFrameworksBuildPhase section */
		2FA9E3281C6B899A0022CE0C /* Frameworks */ = {
			isa = PBXFrameworksBuildPhase;
			buildActionMask = 2147483647;
			files = (
			);
			runOnlyForDeploymentPostprocessing = 0;
		};
/* End PBXFrameworksBuildPhase section */

/* Begin PBXGroup section */
		2FA9E3221C6B89990022CE0C = {
			isa = PBXGroup;
			children = (
				2FA9E32D1C6B899A0022CE0C /* Thank You Letter */,
				2FA9E32C1C6B899A0022CE0C /* Products */,
			);
			sourceTree = "<group>";
		};
		2FA9E32C1C6B899A0022CE0C /* Products */ = {
			isa = PBXGroup;
			children = (
				2FA9E32B1C6B899A0022CE0C /* Thank You Letter.app */,
			);
			name = Products;
			sourceTree = "<group>";
		};
		2FA9E32D1C6B899A0022CE0C /* Thank You Letter */ = {
			isa = PBXGroup;
			children = (
				2FA9E32E1C6B899A0022CE0C /* AppDelegate.swift */,
				2FA9E3301C6B899A0022CE0C /* ViewController.swift */,
				2FA9E3321C6B899A0022CE0C /* Main.storyboard */,
				2FA9E3351C6B899A0022CE0C /* Assets.xcassets */,
				2FA9E3371C6B899A0022CE0C /* LaunchScreen.storyboard */,
				2FA9E33A1C6B899A0022CE0C /* Info.plist */,
			);
			path = "Thank You Letter";
			sourceTree = "<group>";
		};
/* End PBXGroup section */

/* Begin PBXNativeTarget section */
		2FA9E32A1C6B899A0022CE0C /* Thank You Letter */ = {
			isa = PBXNativeTarget;
			buildConfigurationList = 2FA9E33D1C6B899A0022CE0C /* Build configuration list for PBXNativeTarget "Thank You Letter" */;
			buildPhases = (
				2FA9E3271C6B899A0022CE0C /* Sources */,
				2FA9E3281C6B899A0022CE0C /* Frameworks */,
				2FA9E3291C6B899A0022CE0C /* Resources */,
			);
			buildRules = (
			);
			dependencies = (
			);
			name = "Thank You Letter";
			productName = "Thank You Letter";
			productReference = 2FA9E32B1C6B899A0022CE0C /* Thank You Letter.app */;
			productType = "com.apple.product-type.application";
		};
/* End PBXNativeTarget section */

/* Begin PBXProject section */
		2FA9E3231C6B89990022CE0C /* Project object */ = {
			isa = PBXProject;
			attributes = {
				LastSwiftUpdateCheck = 0720;
				LastUpgradeCheck = 0720;
				ORGANIZATIONNAME = Mikel;
				TargetAttributes = {
					2FA9E32A1C6B899A0022CE0C = {
						CreatedOnToolsVersion = 7.2;
					};
				};
			};
			buildConfigurationList = 2FA9E3261C6B89990022CE0C /* Build configuration list for PBXProject "Thank You Letter" */;
			compatibilityVersion = "Xcode 3.2";
			developmentRegion = English;
			hasScannedForEncodings = 0;
			knownRegions = (
				en,
				Base,
			);
			mainGroup = 2FA9E3221C6B89990022CE0C;
			productRefGroup = 2FA9E32C1C6B899A0022CE0C /* Products */;
			projectDirPath = "";
			projectRoot = "";
			targets = (
				2FA9E32A1C6B899A0022CE0C /* Thank You Letter */,
			);
		};
/* End PBXProject section */

/* Begin PBXResourcesBuildPhase section */
		2FA9E3291C6B899A0022CE0C /* Resources */ = {
			isa = PBXResourcesBuildPhase;
			buildActionMask = 2147483647;
			files = (
				2FA9E3391C6B899A0022CE0C /* LaunchScreen.storyboard in Resources */,
				2FA9E3361C6B899A0022CE0C /* Assets.xcassets in Resources */,
				2FA9E3341C6B899A0022CE0C /* Main.storyboard in Resources */,
			);
			runOnlyForDeploymentPostprocessing = 0;
		};
/* End PBXResourcesBuildPhase section */

/* Begin PBXSourcesBuildPhase section */
		2FA9E3271C6B899A0022CE0C /* Sources */ = {
			isa = PBXSourcesBuildPhase;
			buildActionMask = 2147483647;
			files = (
				2FA9E3311C6B899A0022CE0C /* ViewController.swift in Sources */,
				2FA9E32F1C6B899A0022CE0C /* AppDelegate.swift in Sources */,
			);
			runOnlyForDeploymentPostprocessing = 0;
		};
/* End PBXSourcesBuildPhase section */

/* Begin PBXVariantGroup section */
		2FA9E3321C6B899A0022CE0C /* Main.storyboard */ = {
			isa = PBXVariantGroup;
			children = (
				2FA9E3331C6B899A0022CE0C /* Base */,
			);
			name = Main.storyboard;
			sourceTree = "<group>";
		};
		2FA9E3371C6B899A0022CE0C /* LaunchScreen.storyboard */ = {
			isa = PBXVariantGroup;
			children = (
				2FA9E3381C6B899A0022CE0C /* Base */,
			);
			name = LaunchScreen.storyboard;
			sourceTree = "<group>";
		};
/* End PBXVariantGroup section */

/* Begin XCBuildConfiguration section */
		2FA9E33B1C6B899A0022CE0C /* Debug */ = {
			isa = XCBuildConfiguration;
			buildSettings = {
				ALWAYS_SEARCH_USER_PATHS = NO;
				CLANG_CXX_LANGUAGE_STANDARD = "gnu++0x";
				CLANG_CXX_LIBRARY = "libc++";
				CLANG_ENABLE_MODULES = YES;
				CLANG_ENABLE_OBJC_ARC = YES;
				CLANG_WARN_BOOL_CONVERSION = YES;
				CLANG_WARN_CONSTANT_CONVERSION = YES;
				CLANG_WARN_DIRECT_OBJC_ISA_USAGE = YES_ERROR;
				CLANG_WARN_EMPTY_BODY = YES;
				CLANG_WARN_ENUM_CONVERSION = YES;
				CLANG_WARN_INT_CONVERSION = YES;
				CLANG_WARN_OBJC_ROOT_CLASS = YES_ERROR;
				CLANG_WARN_UNREACHABLE_CODE = YES;
				CLANG_WARN__DUPLICATE_METHOD_MATCH = YES;
				"CODE_SIGN_IDENTITY[sdk=iphoneos*]" = "iPhone Developer";
				COPY_PHASE_STRIP = NO;
				DEBUG_INFORMATION_FORMAT = dwarf;
				ENABLE_STRICT_OBJC_MSGSEND = YES;
				ENABLE_TESTABILITY = YES;
				GCC_C_LANGUAGE_STANDARD = gnu99;
				GCC_DYNAMIC_NO_PIC = NO;
				GCC_NO_COMMON_BLOCKS = YES;
				GCC_OPTIMIZATION_LEVEL = 0;
				GCC_PREPROCESSOR_DEFINITIONS = (
					"DEBUG=1",
					"$(inherited)",
				);
				GCC_WARN_64_TO_32_BIT_CONVERSION = YES;
				GCC_WARN_ABOUT_RETURN_TYPE = YES_ERROR;
				GCC_WARN_UNDECLARED_SELECTOR = YES;
				GCC_WARN_UNINITIALIZED_AUTOS = YES_AGGRESSIVE;
				GCC_WARN_UNUSED_FUNCTION = YES;
				GCC_WARN_UNUSED_VARIABLE = YES;
				IPHONEOS_DEPLOYMENT_TARGET = 9.2;
				MTL_ENABLE_DEBUG_INFO = YES;
				ONLY_ACTIVE_ARCH = YES;
				SDKROOT = iphoneos;
				SWIFT_OPTIMIZATION_LEVEL = "-Onone";
				TARGETED_DEVICE_FAMILY = "1,2";
			};
			name = Debug;
		};
		2FA9E33C1C6B899A0022CE0C /* Release */ = {
			isa = XCBuildConfiguration;
			buildSettings = {
				ALWAYS_SEARCH_USER_PATHS = NO;
				CLANG_CXX_LANGUAGE_STANDARD = "gnu++0x";
				CLANG_CXX_LIBRARY = "libc++";
				CLANG_ENABLE_MODULES = YES;
				CLANG_ENABLE_OBJC_ARC = YES;
				CLANG_WARN_BOOL_CONVERSION = YES;
				CLANG_WARN_CONSTANT_CONVERSION = YES;
				CLANG_WARN_DIRECT_OBJC_ISA_USAGE = YES_ERROR;
				CLANG_WARN_EMPTY_BODY = YES;
				CLANG_WARN_ENUM_CONVERSION = YES;
				CLANG_WARN_INT_CONVERSION = YES;
				CLANG_WARN_OBJC_ROOT_CLASS = YES_ERROR;
				CLANG_WARN_UNREACHABLE_CODE = YES;
				CLANG_WARN__DUPLICATE_METHOD_MATCH = YES;
				"CODE_SIGN_IDENTITY[sdk=iphoneos*]" = "iPhone Developer";
				COPY_PHASE_STRIP = NO;
				DEBUG_INFORMATION_FORMAT = "dwarf-with-dsym";
				ENABLE_NS_ASSERTIONS = NO;
				ENABLE_STRICT_OBJC_MSGSEND = YES;
				GCC_C_LANGUAGE_STANDARD = gnu99;
				GCC_NO_COMMON_BLOCKS = YES;
				GCC_WARN_64_TO_32_BIT_CONVERSION = YES;
				GCC_WARN_ABOUT_RETURN_TYPE = YES_ERROR;
				GCC_WARN_UNDECLARED_SELECTOR = YES;
				GCC_WARN_UNINITIALIZED_AUTOS = YES_AGGRESSIVE;
				GCC_WARN_UNUSED_FUNCTION = YES;
				GCC_WARN_UNUSED_VARIABLE = YES;
				IPHONEOS_DEPLOYMENT_TARGET = 9.2;
				MTL_ENABLE_DEBUG_INFO = NO;
				SDKROOT = iphoneos;
				TARGETED_DEVICE_FAMILY = "1,2";
				VALIDATE_PRODUCT = YES;
			};
			name = Release;
		};
		2FA9E33E1C6B899A0022CE0C /* Debug */ = {
			isa = XCBuildConfiguration;
			buildSettings = {
				ASSETCATALOG_COMPILER_APPICON_NAME = AppIcon;
				INFOPLIST_FILE = "Thank You Letter/Info.plist";
				LD_RUNPATH_SEARCH_PATHS = "$(inherited) @executable_path/Frameworks";
				PRODUCT_BUNDLE_IDENTIFIER = "com.mikel.Thank-You-Letter";
				PRODUCT_NAME = "$(TARGET_NAME)";
			};
			name = Debug;
		};
		2FA9E33F1C6B899A0022CE0C /* Release */ = {
			isa = XCBuildConfiguration;
			buildSettings = {
				ASSETCATALOG_COMPILER_APPICON_NAME = AppIcon;
				INFOPLIST_FILE = "Thank You Letter/Info.plist";
				LD_RUNPATH_SEARCH_PATHS = "$(inherited) @executable_path/Frameworks";
				PRODUCT_BUNDLE_IDENTIFIER = "com.mikel.Thank-You-Letter";
				PRODUCT_NAME = "$(TARGET_NAME)";
			};
			name = Release;
		};
/* End XCBuildConfiguration section */

/* Begin XCConfigurationList section */
		2FA9E3261C6B89990022CE0C /* Build configuration list for PBXProject "Thank You Letter" */ = {
			isa = XCConfigurationList;
			buildConfigurations = (
				2FA9E33B1C6B899A0022CE0C /* Debug */,
				2FA9E33C1C6B899A0022CE0C /* Release */,
			);
			defaultConfigurationIsVisible = 0;
			defaultConfigurationName = Release;
		};
		2FA9E33D1C6B899A0022CE0C /* Build configuration list for PBXNativeTarget "Thank You Letter" */ = {
			isa = XCConfigurationList;
			buildConfigurations = (
				2FA9E33E1C6B899A0022CE0C /* Debug */,
				2FA9E33F1C6B899A0022CE0C /* Release */,
			);
			defaultConfigurationIsVisible = 0;
		};
/* End XCConfigurationList section */
	};
	rootObject = 2FA9E3231C6B89990022CE0C /* Project object */;
}
