// !$*UTF8*$!
{
	archiveVersion = 1;
	classes = {
	};
	objectVersion = 46;
	objects = {

/* Begin PBXBuildFile section */
		2F6850851C85B8E400B6C28F /* Penguin.swift in Sources */ = {isa = PBXBuildFile; fileRef = 2F6850841C85B8E400B6C28F /* Penguin.swift */; };
		2FD555ED1C7E054C00467A32 /* AppDelegate.swift in Sources */ = {isa = PBXBuildFile; fileRef = 2FD555EC1C7E054C00467A32 /* AppDelegate.swift */; };
		2FD555EF1C7E054C00467A32 /* ViewController.swift in Sources */ = {isa = PBXBuildFile; fileRef = 2FD555EE1C7E054C00467A32 /* ViewController.swift */; };
		2FD555F21C7E054C00467A32 /* Main.storyboard in Resources */ = {isa = PBXBuildFile; fileRef = 2FD555F01C7E054C00467A32 /* Main.storyboard */; };
		2FD555F41C7E054C00467A32 /* Assets.xcassets in Resources */ = {isa = PBXBuildFile; fileRef = 2FD555F31C7E054C00467A32 /* Assets.xcassets */; };
		2FD555F71C7E054C00467A32 /* LaunchScreen.storyboard in Resources */ = {isa = PBXBuildFile; fileRef = 2FD555F51C7E054C00467A32 /* LaunchScreen.storyboard */; };
		2FEF09FD1C8ACE4200CD70AF /* Animal.swift in Sources */ = {isa = PBXBuildFile; fileRef = 2FEF09FC1C8ACE4200CD70AF /* Animal.swift */; };
		2FEF09FF1C8D6C3900CD70AF /* BodyStatistics.swift in Sources */ = {isa = PBXBuildFile; fileRef = 2FEF09FE1C8D6C3900CD70AF /* BodyStatistics.swift */; };
		2FEF0A011C8D6D3000CD70AF /* PersonalInformation.swift in Sources */ = {isa = PBXBuildFile; fileRef = 2FEF0A001C8D6D3000CD70AF /* PersonalInformation.swift */; };
		2FEF0A031C8D71F000CD70AF /* Tiger.swift in Sources */ = {isa = PBXBuildFile; fileRef = 2FEF0A021C8D71F000CD70AF /* Tiger.swift */; };
		2FEF0A051C8D739300CD70AF /* Factory.swift in Sources */ = {isa = PBXBuildFile; fileRef = 2FEF0A041C8D739300CD70AF /* Factory.swift */; };
		2FEF0A071C8D787300CD70AF /* Elephant.swift in Sources */ = {isa = PBXBuildFile; fileRef = 2FEF0A061C8D787300CD70AF /* Elephant.swift */; };
		2FEF0A091C8D79B800CD70AF /* Lion.swift in Sources */ = {isa = PBXBuildFile; fileRef = 2FEF0A081C8D79B800CD70AF /* Lion.swift */; };
		2FEF0A0B1C8D7AB700CD70AF /* LionCub.swift in Sources */ = {isa = PBXBuildFile; fileRef = 2FEF0A0A1C8D7AB700CD70AF /* LionCub.swift */; };
/* End PBXBuildFile section */

/* Begin PBXFileReference section */
		2F6850841C85B8E400B6C28F /* Penguin.swift */ = {isa = PBXFileReference; fileEncoding = 4; lastKnownFileType = sourcecode.swift; path = Penguin.swift; sourceTree = "<group>"; };
		2FD555E91C7E054C00467A32 /* A Trip To The Zoo.app */ = {isa = PBXFileReference; explicitFileType = wrapper.application; includeInIndex = 0; path = "A Trip To The Zoo.app"; sourceTree = BUILT_PRODUCTS_DIR; };
		2FD555EC1C7E054C00467A32 /* AppDelegate.swift */ = {isa = PBXFileReference; lastKnownFileType = sourcecode.swift; path = AppDelegate.swift; sourceTree = "<group>"; };
		2FD555EE1C7E054C00467A32 /* ViewController.swift */ = {isa = PBXFileReference; lastKnownFileType = sourcecode.swift; path = ViewController.swift; sourceTree = "<group>"; };
		2FD555F11C7E054C00467A32 /* Base */ = {isa = PBXFileReference; lastKnownFileType = file.storyboard; name = Base; path = Base.lproj/Main.storyboard; sourceTree = "<group>"; };
		2FD555F31C7E054C00467A32 /* Assets.xcassets */ = {isa = PBXFileReference; lastKnownFileType = folder.assetcatalog; path = Assets.xcassets; sourceTree = "<group>"; };
		2FD555F61C7E054C00467A32 /* Base */ = {isa = PBXFileReference; lastKnownFileType = file.storyboard; name = Base; path = Base.lproj/LaunchScreen.storyboard; sourceTree = "<group>"; };
		2FD555F81C7E054C00467A32 /* Info.plist */ = {isa = PBXFileReference; lastKnownFileType = text.plist.xml; path = Info.plist; sourceTree = "<group>"; };
		2FEF09FC1C8ACE4200CD70AF /* Animal.swift */ = {isa = PBXFileReference; fileEncoding = 4; lastKnownFileType = sourcecode.swift; path = Animal.swift; sourceTree = "<group>"; };
		2FEF09FE1C8D6C3900CD70AF /* BodyStatistics.swift */ = {isa = PBXFileReference; fileEncoding = 4; lastKnownFileType = sourcecode.swift; path = BodyStatistics.swift; sourceTree = "<group>"; };
		2FEF0A001C8D6D3000CD70AF /* PersonalInformation.swift */ = {isa = PBXFileReference; fileEncoding = 4; lastKnownFileType = sourcecode.swift; path = PersonalInformation.swift; sourceTree = "<group>"; };
		2FEF0A021C8D71F000CD70AF /* Tiger.swift */ = {isa = PBXFileReference; fileEncoding = 4; lastKnownFileType = sourcecode.swift; path = Tiger.swift; sourceTree = "<group>"; };
		2FEF0A041C8D739300CD70AF /* Factory.swift */ = {isa = PBXFileReference; fileEncoding = 4; lastKnownFileType = sourcecode.swift; path = Factory.swift; sourceTree = "<group>"; };
		2FEF0A061C8D787300CD70AF /* Elephant.swift */ = {isa = PBXFileReference; fileEncoding = 4; lastKnownFileType = sourcecode.swift; path = Elephant.swift; sourceTree = "<group>"; };
		2FEF0A081C8D79B800CD70AF /* Lion.swift */ = {isa = PBXFileReference; fileEncoding = 4; lastKnownFileType = sourcecode.swift; path = Lion.swift; sourceTree = "<group>"; };
		2FEF0A0A1C8D7AB700CD70AF /* LionCub.swift */ = {isa = PBXFileReference; fileEncoding = 4; lastKnownFileType = sourcecode.swift; path = LionCub.swift; sourceTree = "<group>"; };
/* End PBXFileReference section */

/* Begin PBXFrameworksBuildPhase section */
		2FD555E61C7E054C00467A32 /* Frameworks */ = {
			isa = PBXFrameworksBuildPhase;
			buildActionMask = 2147483647;
			files = (
			);
			runOnlyForDeploymentPostprocessing = 0;
		};
/* End PBXFrameworksBuildPhase section */

/* Begin PBXGroup section */
		2F6850861C85C2A300B6C28F /* Model */ = {
			isa = PBXGroup;
			children = (
				2F6850841C85B8E400B6C28F /* Penguin.swift */,
				2FEF0A001C8D6D3000CD70AF /* PersonalInformation.swift */,
				2FEF0A041C8D739300CD70AF /* Factory.swift */,
				2FEF0A081C8D79B800CD70AF /* Lion.swift */,
				2FEF0A0A1C8D7AB700CD70AF /* LionCub.swift */,
				2FEF0A061C8D787300CD70AF /* Elephant.swift */,
				2FEF0A021C8D71F000CD70AF /* Tiger.swift */,
				2FEF09FC1C8ACE4200CD70AF /* Animal.swift */,
				2FEF09FE1C8D6C3900CD70AF /* BodyStatistics.swift */,
			);
			name = Model;
			sourceTree = "<group>";
		};
		2FD555E01C7E054C00467A32 = {
			isa = PBXGroup;
			children = (
				2FD555EB1C7E054C00467A32 /* A Trip To The Zoo */,
				2FD555EA1C7E054C00467A32 /* Products */,
			);
			sourceTree = "<group>";
		};
		2FD555EA1C7E054C00467A32 /* Products */ = {
			isa = PBXGroup;
			children = (
				2FD555E91C7E054C00467A32 /* A Trip To The Zoo.app */,
			);
			name = Products;
			sourceTree = "<group>";
		};
		2FD555EB1C7E054C00467A32 /* A Trip To The Zoo */ = {
			isa = PBXGroup;
			children = (
				2FD555EC1C7E054C00467A32 /* AppDelegate.swift */,
				2FD555EE1C7E054C00467A32 /* ViewController.swift */,
				2F6850861C85C2A300B6C28F /* Model */,
				2FD555F01C7E054C00467A32 /* Main.storyboard */,
				2FD555F31C7E054C00467A32 /* Assets.xcassets */,
				2FD555F51C7E054C00467A32 /* LaunchScreen.storyboard */,
				2FD555F81C7E054C00467A32 /* Info.plist */,
			);
			path = "A Trip To The Zoo";
			sourceTree = "<group>";
		};
/* End PBXGroup section */

/* Begin PBXNativeTarget section */
		2FD555E81C7E054C00467A32 /* A Trip To The Zoo */ = {
			isa = PBXNativeTarget;
			buildConfigurationList = 2FD555FB1C7E054C00467A32 /* Build configuration list for PBXNativeTarget "A Trip To The Zoo" */;
			buildPhases = (
				2FD555E51C7E054C00467A32 /* Sources */,
				2FD555E61C7E054C00467A32 /* Frameworks */,
				2FD555E71C7E054C00467A32 /* Resources */,
			);
			buildRules = (
			);
			dependencies = (
			);
			name = "A Trip To The Zoo";
			productName = "A Trip To The Zoo";
			productReference = 2FD555E91C7E054C00467A32 /* A Trip To The Zoo.app */;
			productType = "com.apple.product-type.application";
		};
/* End PBXNativeTarget section */

/* Begin PBXProject section */
		2FD555E11C7E054C00467A32 /* Project object */ = {
			isa = PBXProject;
			attributes = {
				LastSwiftUpdateCheck = 0720;
				LastUpgradeCheck = 0720;
				ORGANIZATIONNAME = Mikel;
				TargetAttributes = {
					2FD555E81C7E054C00467A32 = {
						CreatedOnToolsVersion = 7.2.1;
					};
				};
			};
			buildConfigurationList = 2FD555E41C7E054C00467A32 /* Build configuration list for PBXProject "A Trip To The Zoo" */;
			compatibilityVersion = "Xcode 3.2";
			developmentRegion = English;
			hasScannedForEncodings = 0;
			knownRegions = (
				en,
				Base,
			);
			mainGroup = 2FD555E01C7E054C00467A32;
			productRefGroup = 2FD555EA1C7E054C00467A32 /* Products */;
			projectDirPath = "";
			projectRoot = "";
			targets = (
				2FD555E81C7E054C00467A32 /* A Trip To The Zoo */,
			);
		};
/* End PBXProject section */

/* Begin PBXResourcesBuildPhase section */
		2FD555E71C7E054C00467A32 /* Resources */ = {
			isa = PBXResourcesBuildPhase;
			buildActionMask = 2147483647;
			files = (
				2FD555F71C7E054C00467A32 /* LaunchScreen.storyboard in Resources */,
				2FD555F41C7E054C00467A32 /* Assets.xcassets in Resources */,
				2FD555F21C7E054C00467A32 /* Main.storyboard in Resources */,
			);
			runOnlyForDeploymentPostprocessing = 0;
		};
/* End PBXResourcesBuildPhase section */

/* Begin PBXSourcesBuildPhase section */
		2FD555E51C7E054C00467A32 /* Sources */ = {
			isa = PBXSourcesBuildPhase;
			buildActionMask = 2147483647;
			files = (
				2FEF0A051C8D739300CD70AF /* Factory.swift in Sources */,
				2FD555EF1C7E054C00467A32 /* ViewController.swift in Sources */,
				2FEF09FF1C8D6C3900CD70AF /* BodyStatistics.swift in Sources */,
				2FEF09FD1C8ACE4200CD70AF /* Animal.swift in Sources */,
				2FEF0A031C8D71F000CD70AF /* Tiger.swift in Sources */,
				2FD555ED1C7E054C00467A32 /* AppDelegate.swift in Sources */,
				2FEF0A0B1C8D7AB700CD70AF /* LionCub.swift in Sources */,
				2FEF0A011C8D6D3000CD70AF /* PersonalInformation.swift in Sources */,
				2F6850851C85B8E400B6C28F /* Penguin.swift in Sources */,
				2FEF0A071C8D787300CD70AF /* Elephant.swift in Sources */,
				2FEF0A091C8D79B800CD70AF /* Lion.swift in Sources */,
			);
			runOnlyForDeploymentPostprocessing = 0;
		};
/* End PBXSourcesBuildPhase section */

/* Begin PBXVariantGroup section */
		2FD555F01C7E054C00467A32 /* Main.storyboard */ = {
			isa = PBXVariantGroup;
			children = (
				2FD555F11C7E054C00467A32 /* Base */,
			);
			name = Main.storyboard;
			sourceTree = "<group>";
		};
		2FD555F51C7E054C00467A32 /* LaunchScreen.storyboard */ = {
			isa = PBXVariantGroup;
			children = (
				2FD555F61C7E054C00467A32 /* Base */,
			);
			name = LaunchScreen.storyboard;
			sourceTree = "<group>";
		};
/* End PBXVariantGroup section */

/* Begin XCBuildConfiguration section */
		2FD555F91C7E054C00467A32 /* Debug */ = {
			isa = XCBuildConfiguration;
			buildSettings = {
				ALWAYS_SEARCH_USER_PATHS = NO;
				CLANG_CXX_LANGUAGE_STANDARD = "gnu++0x";
				CLANG_CXX_LIBRARY = "libc++";
				CLANG_ENABLE_MODULES = YES;
				CLANG_ENABLE_OBJC_ARC = YES;
				CLANG_WARN_BOOL_CONVERSION = YES;
				CLANG_WARN_CONSTANT_CONVERSION = YES;
				CLANG_WARN_DIRECT_OBJC_ISA_USAGE = YES_ERROR;
				CLANG_WARN_EMPTY_BODY = YES;
				CLANG_WARN_ENUM_CONVERSION = YES;
				CLANG_WARN_INT_CONVERSION = YES;
				CLANG_WARN_OBJC_ROOT_CLASS = YES_ERROR;
				CLANG_WARN_UNREACHABLE_CODE = YES;
				CLANG_WARN__DUPLICATE_METHOD_MATCH = YES;
				"CODE_SIGN_IDENTITY[sdk=iphoneos*]" = "iPhone Developer";
				COPY_PHASE_STRIP = NO;
				DEBUG_INFORMATION_FORMAT = dwarf;
				ENABLE_STRICT_OBJC_MSGSEND = YES;
				ENABLE_TESTABILITY = YES;
				GCC_C_LANGUAGE_STANDARD = gnu99;
				GCC_DYNAMIC_NO_PIC = NO;
				GCC_NO_COMMON_BLOCKS = YES;
				GCC_OPTIMIZATION_LEVEL = 0;
				GCC_PREPROCESSOR_DEFINITIONS = (
					"DEBUG=1",
					"$(inherited)",
				);
				GCC_WARN_64_TO_32_BIT_CONVERSION = YES;
				GCC_WARN_ABOUT_RETURN_TYPE = YES_ERROR;
				GCC_WARN_UNDECLARED_SELECTOR = YES;
				GCC_WARN_UNINITIALIZED_AUTOS = YES_AGGRESSIVE;
				GCC_WARN_UNUSED_FUNCTION = YES;
				GCC_WARN_UNUSED_VARIABLE = YES;
				IPHONEOS_DEPLOYMENT_TARGET = 9.2;
				MTL_ENABLE_DEBUG_INFO = YES;
				ONLY_ACTIVE_ARCH = YES;
				SDKROOT = iphoneos;
				SWIFT_OPTIMIZATION_LEVEL = "-Onone";
				TARGETED_DEVICE_FAMILY = "1,2";
			};
			name = Debug;
		};
		2FD555FA1C7E054C00467A32 /* Release */ = {
			isa = XCBuildConfiguration;
			buildSettings = {
				ALWAYS_SEARCH_USER_PATHS = NO;
				CLANG_CXX_LANGUAGE_STANDARD = "gnu++0x";
				CLANG_CXX_LIBRARY = "libc++";
				CLANG_ENABLE_MODULES = YES;
				CLANG_ENABLE_OBJC_ARC = YES;
				CLANG_WARN_BOOL_CONVERSION = YES;
				CLANG_WARN_CONSTANT_CONVERSION = YES;
				CLANG_WARN_DIRECT_OBJC_ISA_USAGE = YES_ERROR;
				CLANG_WARN_EMPTY_BODY = YES;
				CLANG_WARN_ENUM_CONVERSION = YES;
				CLANG_WARN_INT_CONVERSION = YES;
				CLANG_WARN_OBJC_ROOT_CLASS = YES_ERROR;
				CLANG_WARN_UNREACHABLE_CODE = YES;
				CLANG_WARN__DUPLICATE_METHOD_MATCH = YES;
				"CODE_SIGN_IDENTITY[sdk=iphoneos*]" = "iPhone Developer";
				COPY_PHASE_STRIP = NO;
				DEBUG_INFORMATION_FORMAT = "dwarf-with-dsym";
				ENABLE_NS_ASSERTIONS = NO;
				ENABLE_STRICT_OBJC_MSGSEND = YES;
				GCC_C_LANGUAGE_STANDARD = gnu99;
				GCC_NO_COMMON_BLOCKS = YES;
				GCC_WARN_64_TO_32_BIT_CONVERSION = YES;
				GCC_WARN_ABOUT_RETURN_TYPE = YES_ERROR;
				GCC_WARN_UNDECLARED_SELECTOR = YES;
				GCC_WARN_UNINITIALIZED_AUTOS = YES_AGGRESSIVE;
				GCC_WARN_UNUSED_FUNCTION = YES;
				GCC_WARN_UNUSED_VARIABLE = YES;
				IPHONEOS_DEPLOYMENT_TARGET = 9.2;
				MTL_ENABLE_DEBUG_INFO = NO;
				SDKROOT = iphoneos;
				TARGETED_DEVICE_FAMILY = "1,2";
				VALIDATE_PRODUCT = YES;
			};
			name = Release;
		};
		2FD555FC1C7E054C00467A32 /* Debug */ = {
			isa = XCBuildConfiguration;
			buildSettings = {
				ASSETCATALOG_COMPILER_APPICON_NAME = AppIcon;
				INFOPLIST_FILE = "A Trip To The Zoo/Info.plist";
				LD_RUNPATH_SEARCH_PATHS = "$(inherited) @executable_path/Frameworks";
				PRODUCT_BUNDLE_IDENTIFIER = "com.mikel.A-Trip-To-The-Zoo";
				PRODUCT_NAME = "$(TARGET_NAME)";
			};
			name = Debug;
		};
		2FD555FD1C7E054C00467A32 /* Release */ = {
			isa = XCBuildConfiguration;
			buildSettings = {
				ASSETCATALOG_COMPILER_APPICON_NAME = AppIcon;
				INFOPLIST_FILE = "A Trip To The Zoo/Info.plist";
				LD_RUNPATH_SEARCH_PATHS = "$(inherited) @executable_path/Frameworks";
				PRODUCT_BUNDLE_IDENTIFIER = "com.mikel.A-Trip-To-The-Zoo";
				PRODUCT_NAME = "$(TARGET_NAME)";
			};
			name = Release;
		};
/* End XCBuildConfiguration section */

/* Begin XCConfigurationList section */
		2FD555E41C7E054C00467A32 /* Build configuration list for PBXProject "A Trip To The Zoo" */ = {
			isa = XCConfigurationList;
			buildConfigurations = (
				2FD555F91C7E054C00467A32 /* Debug */,
				2FD555FA1C7E054C00467A32 /* Release */,
			);
			defaultConfigurationIsVisible = 0;
			defaultConfigurationName = Release;
		};
		2FD555FB1C7E054C00467A32 /* Build configuration list for PBXNativeTarget "A Trip To The Zoo" */ = {
			isa = XCConfigurationList;
			buildConfigurations = (
				2FD555FC1C7E054C00467A32 /* Debug */,
				2FD555FD1C7E054C00467A32 /* Release */,
			);
			defaultConfigurationIsVisible = 0;
			defaultConfigurationName = Release;
		};
/* End XCConfigurationList section */
	};
	rootObject = 2FD555E11C7E054C00467A32 /* Project object */;
}
