// !$*UTF8*$!
{
	archiveVersion = 1;
	classes = {
	};
	objectVersion = 46;
	objects = {

/* Begin PBXBuildFile section */
		2F41CA751C6F2CB700439722 /* AppDelegate.swift in Sources */ = {isa = PBXBuildFile; fileRef = 2F41CA741C6F2CB700439722 /* AppDelegate.swift */; };
		2F41CA771C6F2CB700439722 /* ViewController.swift in Sources */ = {isa = PBXBuildFile; fileRef = 2F41CA761C6F2CB700439722 /* ViewController.swift */; };
		2F41CA7A1C6F2CB700439722 /* Main.storyboard in Resources */ = {isa = PBXBuildFile; fileRef = 2F41CA781C6F2CB700439722 /* Main.storyboard */; };
		2F41CA7C1C6F2CB700439722 /* Assets.xcassets in Resources */ = {isa = PBXBuildFile; fileRef = 2F41CA7B1C6F2CB700439722 /* Assets.xcassets */; };
		2F41CA7F1C6F2CB700439722 /* LaunchScreen.storyboard in Resources */ = {isa = PBXBuildFile; fileRef = 2F41CA7D1C6F2CB700439722 /* LaunchScreen.storyboard */; };
/* End PBXBuildFile section */

/* Begin PBXFileReference section */
		2F41CA711C6F2CB700439722 /* Print.app */ = {isa = PBXFileReference; explicitFileType = wrapper.application; includeInIndex = 0; path = Print.app; sourceTree = BUILT_PRODUCTS_DIR; };
		2F41CA741C6F2CB700439722 /* AppDelegate.swift */ = {isa = PBXFileReference; lastKnownFileType = sourcecode.swift; path = AppDelegate.swift; sourceTree = "<group>"; };
		2F41CA761C6F2CB700439722 /* ViewController.swift */ = {isa = PBXFileReference; lastKnownFileType = sourcecode.swift; path = ViewController.swift; sourceTree = "<group>"; };
		2F41CA791C6F2CB700439722 /* Base */ = {isa = PBXFileReference; lastKnownFileType = file.storyboard; name = Base; path = Base.lproj/Main.storyboard; sourceTree = "<group>"; };
		2F41CA7B1C6F2CB700439722 /* Assets.xcassets */ = {isa = PBXFileReference; lastKnownFileType = folder.assetcatalog; path = Assets.xcassets; sourceTree = "<group>"; };
		2F41CA7E1C6F2CB700439722 /* Base */ = {isa = PBXFileReference; lastKnownFileType = file.storyboard; name = Base; path = Base.lproj/LaunchScreen.storyboard; sourceTree = "<group>"; };
		2F41CA801C6F2CB700439722 /* Info.plist */ = {isa = PBXFileReference; lastKnownFileType = text.plist.xml; path = Info.plist; sourceTree = "<group>"; };
/* End PBXFileReference section */

/* Begin PBXFrameworksBuildPhase section */
		2F41CA6E1C6F2CB700439722 /* Frameworks */ = {
			isa = PBXFrameworksBuildPhase;
			buildActionMask = 2147483647;
			files = (
			);
			runOnlyForDeploymentPostprocessing = 0;
		};
/* End PBXFrameworksBuildPhase section */

/* Begin PBXGroup section */
		2F41CA681C6F2CB700439722 = {
			isa = PBXGroup;
			children = (
				2F41CA731C6F2CB700439722 /* Print */,
				2F41CA721C6F2CB700439722 /* Products */,
			);
			sourceTree = "<group>";
		};
		2F41CA721C6F2CB700439722 /* Products */ = {
			isa = PBXGroup;
			children = (
				2F41CA711C6F2CB700439722 /* Print.app */,
			);
			name = Products;
			sourceTree = "<group>";
		};
		2F41CA731C6F2CB700439722 /* Print */ = {
			isa = PBXGroup;
			children = (
				2F41CA741C6F2CB700439722 /* AppDelegate.swift */,
				2F41CA761C6F2CB700439722 /* ViewController.swift */,
				2F41CA781C6F2CB700439722 /* Main.storyboard */,
				2F41CA7B1C6F2CB700439722 /* Assets.xcassets */,
				2F41CA7D1C6F2CB700439722 /* LaunchScreen.storyboard */,
				2F41CA801C6F2CB700439722 /* Info.plist */,
			);
			path = Print;
			sourceTree = "<group>";
		};
/* End PBXGroup section */

/* Begin PBXNativeTarget section */
		2F41CA701C6F2CB700439722 /* Print */ = {
			isa = PBXNativeTarget;
			buildConfigurationList = 2F41CA831C6F2CB700439722 /* Build configuration list for PBXNativeTarget "Print" */;
			buildPhases = (
				2F41CA6D1C6F2CB700439722 /* Sources */,
				2F41CA6E1C6F2CB700439722 /* Frameworks */,
				2F41CA6F1C6F2CB700439722 /* Resources */,
			);
			buildRules = (
			);
			dependencies = (
			);
			name = Print;
			productName = Print;
			productReference = 2F41CA711C6F2CB700439722 /* Print.app */;
			productType = "com.apple.product-type.application";
		};
/* End PBXNativeTarget section */

/* Begin PBXProject section */
		2F41CA691C6F2CB700439722 /* Project object */ = {
			isa = PBXProject;
			attributes = {
				LastSwiftUpdateCheck = 0720;
				LastUpgradeCheck = 0720;
				ORGANIZATIONNAME = Mikel;
				TargetAttributes = {
					2F41CA701C6F2CB700439722 = {
						CreatedOnToolsVersion = 7.2;
					};
				};
			};
			buildConfigurationList = 2F41CA6C1C6F2CB700439722 /* Build configuration list for PBXProject "Print" */;
			compatibilityVersion = "Xcode 3.2";
			developmentRegion = English;
			hasScannedForEncodings = 0;
			knownRegions = (
				en,
				Base,
			);
			mainGroup = 2F41CA681C6F2CB700439722;
			productRefGroup = 2F41CA721C6F2CB700439722 /* Products */;
			projectDirPath = "";
			projectRoot = "";
			targets = (
				2F41CA701C6F2CB700439722 /* Print */,
			);
		};
/* End PBXProject section */

/* Begin PBXResourcesBuildPhase section */
		2F41CA6F1C6F2CB700439722 /* Resources */ = {
			isa = PBXResourcesBuildPhase;
			buildActionMask = 2147483647;
			files = (
				2F41CA7F1C6F2CB700439722 /* LaunchScreen.storyboard in Resources */,
				2F41CA7C1C6F2CB700439722 /* Assets.xcassets in Resources */,
				2F41CA7A1C6F2CB700439722 /* Main.storyboard in Resources */,
			);
			runOnlyForDeploymentPostprocessing = 0;
		};
/* End PBXResourcesBuildPhase section */

/* Begin PBXSourcesBuildPhase section */
		2F41CA6D1C6F2CB700439722 /* Sources */ = {
			isa = PBXSourcesBuildPhase;
			buildActionMask = 2147483647;
			files = (
				2F41CA771C6F2CB700439722 /* ViewController.swift in Sources */,
				2F41CA751C6F2CB700439722 /* AppDelegate.swift in Sources */,
			);
			runOnlyForDeploymentPostprocessing = 0;
		};
/* End PBXSourcesBuildPhase section */

/* Begin PBXVariantGroup section */
		2F41CA781C6F2CB700439722 /* Main.storyboard */ = {
			isa = PBXVariantGroup;
			children = (
				2F41CA791C6F2CB700439722 /* Base */,
			);
			name = Main.storyboard;
			sourceTree = "<group>";
		};
		2F41CA7D1C6F2CB700439722 /* LaunchScreen.storyboard */ = {
			isa = PBXVariantGroup;
			children = (
				2F41CA7E1C6F2CB700439722 /* Base */,
			);
			name = LaunchScreen.storyboard;
			sourceTree = "<group>";
		};
/* End PBXVariantGroup section */

/* Begin XCBuildConfiguration section */
		2F41CA811C6F2CB700439722 /* Debug */ = {
			isa = XCBuildConfiguration;
			buildSettings = {
				ALWAYS_SEARCH_USER_PATHS = NO;
				CLANG_CXX_LANGUAGE_STANDARD = "gnu++0x";
				CLANG_CXX_LIBRARY = "libc++";
				CLANG_ENABLE_MODULES = YES;
				CLANG_ENABLE_OBJC_ARC = YES;
				CLANG_WARN_BOOL_CONVERSION = YES;
				CLANG_WARN_CONSTANT_CONVERSION = YES;
				CLANG_WARN_DIRECT_OBJC_ISA_USAGE = YES_ERROR;
				CLANG_WARN_EMPTY_BODY = YES;
				CLANG_WARN_ENUM_CONVERSION = YES;
				CLANG_WARN_INT_CONVERSION = YES;
				CLANG_WARN_OBJC_ROOT_CLASS = YES_ERROR;
				CLANG_WARN_UNREACHABLE_CODE = YES;
				CLANG_WARN__DUPLICATE_METHOD_MATCH = YES;
				"CODE_SIGN_IDENTITY[sdk=iphoneos*]" = "iPhone Developer";
				COPY_PHASE_STRIP = NO;
				DEBUG_INFORMATION_FORMAT = dwarf;
				ENABLE_STRICT_OBJC_MSGSEND = YES;
				ENABLE_TESTABILITY = YES;
				GCC_C_LANGUAGE_STANDARD = gnu99;
				GCC_DYNAMIC_NO_PIC = NO;
				GCC_NO_COMMON_BLOCKS = YES;
				GCC_OPTIMIZATION_LEVEL = 0;
				GCC_PREPROCESSOR_DEFINITIONS = (
					"DEBUG=1",
					"$(inherited)",
				);
				GCC_WARN_64_TO_32_BIT_CONVERSION = YES;
				GCC_WARN_ABOUT_RETURN_TYPE = YES_ERROR;
				GCC_WARN_UNDECLARED_SELECTOR = YES;
				GCC_WARN_UNINITIALIZED_AUTOS = YES_AGGRESSIVE;
				GCC_WARN_UNUSED_FUNCTION = YES;
				GCC_WARN_UNUSED_VARIABLE = YES;
				IPHONEOS_DEPLOYMENT_TARGET = 9.2;
				MTL_ENABLE_DEBUG_INFO = YES;
				ONLY_ACTIVE_ARCH = YES;
				SDKROOT = iphoneos;
				SWIFT_OPTIMIZATION_LEVEL = "-Onone";
				TARGETED_DEVICE_FAMILY = "1,2";
			};
			name = Debug;
		};
		2F41CA821C6F2CB700439722 /* Release */ = {
			isa = XCBuildConfiguration;
			buildSettings = {
				ALWAYS_SEARCH_USER_PATHS = NO;
				CLANG_CXX_LANGUAGE_STANDARD = "gnu++0x";
				CLANG_CXX_LIBRARY = "libc++";
				CLANG_ENABLE_MODULES = YES;
				CLANG_ENABLE_OBJC_ARC = YES;
				CLANG_WARN_BOOL_CONVERSION = YES;
				CLANG_WARN_CONSTANT_CONVERSION = YES;
				CLANG_WARN_DIRECT_OBJC_ISA_USAGE = YES_ERROR;
				CLANG_WARN_EMPTY_BODY = YES;
				CLANG_WARN_ENUM_CONVERSION = YES;
				CLANG_WARN_INT_CONVERSION = YES;
				CLANG_WARN_OBJC_ROOT_CLASS = YES_ERROR;
				CLANG_WARN_UNREACHABLE_CODE = YES;
				CLANG_WARN__DUPLICATE_METHOD_MATCH = YES;
				"CODE_SIGN_IDENTITY[sdk=iphoneos*]" = "iPhone Developer";
				COPY_PHASE_STRIP = NO;
				DEBUG_INFORMATION_FORMAT = "dwarf-with-dsym";
				ENABLE_NS_ASSERTIONS = NO;
				ENABLE_STRICT_OBJC_MSGSEND = YES;
				GCC_C_LANGUAGE_STANDARD = gnu99;
				GCC_NO_COMMON_BLOCKS = YES;
				GCC_WARN_64_TO_32_BIT_CONVERSION = YES;
				GCC_WARN_ABOUT_RETURN_TYPE = YES_ERROR;
				GCC_WARN_UNDECLARED_SELECTOR = YES;
				GCC_WARN_UNINITIALIZED_AUTOS = YES_AGGRESSIVE;
				GCC_WARN_UNUSED_FUNCTION = YES;
				GCC_WARN_UNUSED_VARIABLE = YES;
				IPHONEOS_DEPLOYMENT_TARGET = 9.2;
				MTL_ENABLE_DEBUG_INFO = NO;
				SDKROOT = iphoneos;
				TARGETED_DEVICE_FAMILY = "1,2";
				VALIDATE_PRODUCT = YES;
			};
			name = Release;
		};
		2F41CA841C6F2CB700439722 /* Debug */ = {
			isa = XCBuildConfiguration;
			buildSettings = {
				ASSETCATALOG_COMPILER_APPICON_NAME = AppIcon;
				INFOPLIST_FILE = Print/Info.plist;
				LD_RUNPATH_SEARCH_PATHS = "$(inherited) @executable_path/Frameworks";
				PRODUCT_BUNDLE_IDENTIFIER = com.mikel.Print;
				PRODUCT_NAME = "$(TARGET_NAME)";
			};
			name = Debug;
		};
		2F41CA851C6F2CB700439722 /* Release */ = {
			isa = XCBuildConfiguration;
			buildSettings = {
				ASSETCATALOG_COMPILER_APPICON_NAME = AppIcon;
				INFOPLIST_FILE = Print/Info.plist;
				LD_RUNPATH_SEARCH_PATHS = "$(inherited) @executable_path/Frameworks";
				PRODUCT_BUNDLE_IDENTIFIER = com.mikel.Print;
				PRODUCT_NAME = "$(TARGET_NAME)";
			};
			name = Release;
		};
/* End XCBuildConfiguration section */

/* Begin XCConfigurationList section */
		2F41CA6C1C6F2CB700439722 /* Build configuration list for PBXProject "Print" */ = {
			isa = XCConfigurationList;
			buildConfigurations = (
				2F41CA811C6F2CB700439722 /* Debug */,
				2F41CA821C6F2CB700439722 /* Release */,
			);
			defaultConfigurationIsVisible = 0;
			defaultConfigurationName = Release;
		};
		2F41CA831C6F2CB700439722 /* Build configuration list for PBXNativeTarget "Print" */ = {
			isa = XCConfigurationList;
			buildConfigurations = (
				2F41CA841C6F2CB700439722 /* Debug */,
				2F41CA851C6F2CB700439722 /* Release */,
			);
			defaultConfigurationIsVisible = 0;
		};
/* End XCConfigurationList section */
	};
	rootObject = 2F41CA691C6F2CB700439722 /* Project object */;
}
